
Microsoft Visual Studio Solution File, Format Version 12.00
# Visual Studio Version 17
VisualStudioVersion = 17.1.32210.238
MinimumVisualStudioVersion = 10.0.40219.1
Project("{2150E333-8FDC-42A3-9474-1A3956D46DE8}") = "services", "services", "{5110621B-0A76-439C-855D-4CE0A8D661BB}"
EndProject
Project("{9A19103F-16F7-4668-BE54-9A1E7A4F7556}") = "NewsFeedService", "services\NewsFeedService\NewsFeedService.csproj", "{7D60ABC8-89F9-402A-928C-794A841DCF22}"
EndProject
Project("{9A19103F-16F7-4668-BE54-9A1E7A4F7556}") = "ChatService", "services\ChatService\ChatService.csproj", "{02940AE1-742E-44E4-8696-01298200A783}"
EndProject
Project("{9A19103F-16F7-4668-BE54-9A1E7A4F7556}") = "NewsSourceService", "services\NewsSourceService\NewsSourceService.csproj", "{32FC78AD-AA89-4F1E-883D-E4A5BAD42DB6}"
EndProject
Project("{9A19103F-16F7-4668-BE54-9A1E7A4F7556}") = "CalendarService", "services\CalendarService\CalendarService.csproj", "{928B8BB6-B655-47DC-AFD9-6E544F2C9E9F}"
EndProject
Project("{9A19103F-16F7-4668-BE54-9A1E7A4F7556}") = "ArchiveService", "services\ArchiveService\ArchiveService.csproj", "{B2C4306A-94A3-4FE2-85D6-FEA2C4E504DF}"
EndProject
Project("{9A19103F-16F7-4668-BE54-9A1E7A4F7556}") = "ScriptService", "services\ScriptService\ScriptService.csproj", "{5C03ED36-82EF-467C-B78A-CB7C41AF0E54}"
EndProject
Project("{9A19103F-16F7-4668-BE54-9A1E7A4F7556}") = "UserService", "services\UserService\UserService.csproj", "{CF1CBF44-270E-4AEE-BF3D-7EF7DCDC81EA}"
EndProject
Project("{9A19103F-16F7-4668-BE54-9A1E7A4F7556}") = "GuideService", "services\GuideService\GuideService.csproj", "{67F7C3F8-480E-422A-A67D-EA98C3602174}"
EndProject
Project("{9A19103F-16F7-4668-BE54-9A1E7A4F7556}") = "DossierService", "services\DossierService\DossierService.csproj", "{D8A1CE75-0CC1-4FCE-9F0B-40D3D2C804FA}"
EndProject
Project("{9A19103F-16F7-4668-BE54-9A1E7A4F7556}") = "AuthService", "services\AuthService\AuthService.csproj", "{D3D36FFC-7889-45EC-9ADE-98F5A38C3C5F}"
EndProject
Project("{9A19103F-16F7-4668-BE54-9A1E7A4F7556}") = "AddressBookService", "services\AddressBookService\AddressBookService.csproj", "{6D37FBE8-458D-4789-9128-077AC43D0183}"
EndProject
Project("{9A19103F-16F7-4668-BE54-9A1E7A4F7556}") = "ApiGateway", "ApiGateway\ApiGateway.csproj", "{BCEFAC38-23DB-4BB9-A013-AE638C44C12B}"
EndProject
Project("{2150E333-8FDC-42A3-9474-1A3956D46DE8}") = "tests", "tests", "{EBDE6BC6-1914-4142-86DE-9AA179187E92}"
EndProject
Project("{9A19103F-16F7-4668-BE54-9A1E7A4F7556}") = "ScriptService.Tests", "..\tests\ScriptService.Tests\ScriptService.Tests.csproj", "{7DBDDF34-465B-496C-9C99-6A44D6DDE933}"
EndProject
Project("{9A19103F-16F7-4668-BE54-9A1E7A4F7556}") = "UserService.Tests", "..\tests\UserService.Tests\UserService.Tests.csproj", "{860441F0-A3A4-4716-B462-9578084F7DCB}"
EndProject
Project("{9A19103F-16F7-4668-BE54-9A1E7A4F7556}") = "NewsItemService", "services\NewsItemService\NewsItemService.csproj", "{D10F9525-615B-4B33-8710-B5C1DA182051}"
EndProject
Project("{FAE04EC0-301F-11D3-BF4B-00C04F79EFBC}") = "NewsItemService.UnitTests", "..\tests\NewsItemService.UnitTests\NewsItemService.UnitTests.csproj", "{C46C17EB-9813-4CC0-B5D9-6F101B721A9D}"
EndProject
Global
	GlobalSection(SolutionConfigurationPlatforms) = preSolution
		Debug|Any CPU = Debug|Any CPU
		Release|Any CPU = Release|Any CPU
	EndGlobalSection
	GlobalSection(ProjectConfigurationPlatforms) = postSolution
		{7D60ABC8-89F9-402A-928C-794A841DCF22}.Debug|Any CPU.ActiveCfg = Debug|Any CPU
		{7D60ABC8-89F9-402A-928C-794A841DCF22}.Debug|Any CPU.Build.0 = Debug|Any CPU
		{7D60ABC8-89F9-402A-928C-794A841DCF22}.Release|Any CPU.ActiveCfg = Release|Any CPU
		{7D60ABC8-89F9-402A-928C-794A841DCF22}.Release|Any CPU.Build.0 = Release|Any CPU
		{02940AE1-742E-44E4-8696-01298200A783}.Debug|Any CPU.ActiveCfg = Debug|Any CPU
		{02940AE1-742E-44E4-8696-01298200A783}.Debug|Any CPU.Build.0 = Debug|Any CPU
		{02940AE1-742E-44E4-8696-01298200A783}.Release|Any CPU.ActiveCfg = Release|Any CPU
		{02940AE1-742E-44E4-8696-01298200A783}.Release|Any CPU.Build.0 = Release|Any CPU
		{32FC78AD-AA89-4F1E-883D-E4A5BAD42DB6}.Debug|Any CPU.ActiveCfg = Debug|Any CPU
		{32FC78AD-AA89-4F1E-883D-E4A5BAD42DB6}.Debug|Any CPU.Build.0 = Debug|Any CPU
		{32FC78AD-AA89-4F1E-883D-E4A5BAD42DB6}.Release|Any CPU.ActiveCfg = Release|Any CPU
		{32FC78AD-AA89-4F1E-883D-E4A5BAD42DB6}.Release|Any CPU.Build.0 = Release|Any CPU
		{928B8BB6-B655-47DC-AFD9-6E544F2C9E9F}.Debug|Any CPU.ActiveCfg = Debug|Any CPU
		{928B8BB6-B655-47DC-AFD9-6E544F2C9E9F}.Debug|Any CPU.Build.0 = Debug|Any CPU
		{928B8BB6-B655-47DC-AFD9-6E544F2C9E9F}.Release|Any CPU.ActiveCfg = Release|Any CPU
		{928B8BB6-B655-47DC-AFD9-6E544F2C9E9F}.Release|Any CPU.Build.0 = Release|Any CPU
		{B2C4306A-94A3-4FE2-85D6-FEA2C4E504DF}.Debug|Any CPU.ActiveCfg = Debug|Any CPU
		{B2C4306A-94A3-4FE2-85D6-FEA2C4E504DF}.Debug|Any CPU.Build.0 = Debug|Any CPU
		{B2C4306A-94A3-4FE2-85D6-FEA2C4E504DF}.Release|Any CPU.ActiveCfg = Release|Any CPU
		{B2C4306A-94A3-4FE2-85D6-FEA2C4E504DF}.Release|Any CPU.Build.0 = Release|Any CPU
		{5C03ED36-82EF-467C-B78A-CB7C41AF0E54}.Debug|Any CPU.ActiveCfg = Debug|Any CPU
		{5C03ED36-82EF-467C-B78A-CB7C41AF0E54}.Debug|Any CPU.Build.0 = Debug|Any CPU
		{5C03ED36-82EF-467C-B78A-CB7C41AF0E54}.Release|Any CPU.ActiveCfg = Release|Any CPU
		{5C03ED36-82EF-467C-B78A-CB7C41AF0E54}.Release|Any CPU.Build.0 = Release|Any CPU
		{CF1CBF44-270E-4AEE-BF3D-7EF7DCDC81EA}.Debug|Any CPU.ActiveCfg = Debug|Any CPU
		{CF1CBF44-270E-4AEE-BF3D-7EF7DCDC81EA}.Debug|Any CPU.Build.0 = Debug|Any CPU
		{CF1CBF44-270E-4AEE-BF3D-7EF7DCDC81EA}.Release|Any CPU.ActiveCfg = Release|Any CPU
		{CF1CBF44-270E-4AEE-BF3D-7EF7DCDC81EA}.Release|Any CPU.Build.0 = Release|Any CPU
		{67F7C3F8-480E-422A-A67D-EA98C3602174}.Debug|Any CPU.ActiveCfg = Debug|Any CPU
		{67F7C3F8-480E-422A-A67D-EA98C3602174}.Debug|Any CPU.Build.0 = Debug|Any CPU
		{67F7C3F8-480E-422A-A67D-EA98C3602174}.Release|Any CPU.ActiveCfg = Release|Any CPU
		{67F7C3F8-480E-422A-A67D-EA98C3602174}.Release|Any CPU.Build.0 = Release|Any CPU
		{D8A1CE75-0CC1-4FCE-9F0B-40D3D2C804FA}.Debug|Any CPU.ActiveCfg = Debug|Any CPU
		{D8A1CE75-0CC1-4FCE-9F0B-40D3D2C804FA}.Debug|Any CPU.Build.0 = Debug|Any CPU
		{D8A1CE75-0CC1-4FCE-9F0B-40D3D2C804FA}.Release|Any CPU.ActiveCfg = Release|Any CPU
		{D8A1CE75-0CC1-4FCE-9F0B-40D3D2C804FA}.Release|Any CPU.Build.0 = Release|Any CPU
		{D3D36FFC-7889-45EC-9ADE-98F5A38C3C5F}.Debug|Any CPU.ActiveCfg = Debug|Any CPU
		{D3D36FFC-7889-45EC-9ADE-98F5A38C3C5F}.Debug|Any CPU.Build.0 = Debug|Any CPU
		{D3D36FFC-7889-45EC-9ADE-98F5A38C3C5F}.Release|Any CPU.ActiveCfg = Release|Any CPU
		{D3D36FFC-7889-45EC-9ADE-98F5A38C3C5F}.Release|Any CPU.Build.0 = Release|Any CPU
		{6D37FBE8-458D-4789-9128-077AC43D0183}.Debug|Any CPU.ActiveCfg = Debug|Any CPU
		{6D37FBE8-458D-4789-9128-077AC43D0183}.Debug|Any CPU.Build.0 = Debug|Any CPU
		{6D37FBE8-458D-4789-9128-077AC43D0183}.Release|Any CPU.ActiveCfg = Release|Any CPU
		{6D37FBE8-458D-4789-9128-077AC43D0183}.Release|Any CPU.Build.0 = Release|Any CPU
		{BCEFAC38-23DB-4BB9-A013-AE638C44C12B}.Debug|Any CPU.ActiveCfg = Debug|Any CPU
		{BCEFAC38-23DB-4BB9-A013-AE638C44C12B}.Debug|Any CPU.Build.0 = Debug|Any CPU
		{BCEFAC38-23DB-4BB9-A013-AE638C44C12B}.Release|Any CPU.ActiveCfg = Release|Any CPU
		{BCEFAC38-23DB-4BB9-A013-AE638C44C12B}.Release|Any CPU.Build.0 = Release|Any CPU
		{7DBDDF34-465B-496C-9C99-6A44D6DDE933}.Debug|Any CPU.ActiveCfg = Debug|Any CPU
		{7DBDDF34-465B-496C-9C99-6A44D6DDE933}.Debug|Any CPU.Build.0 = Debug|Any CPU
		{7DBDDF34-465B-496C-9C99-6A44D6DDE933}.Release|Any CPU.ActiveCfg = Release|Any CPU
		{7DBDDF34-465B-496C-9C99-6A44D6DDE933}.Release|Any CPU.Build.0 = Release|Any CPU
		{860441F0-A3A4-4716-B462-9578084F7DCB}.Debug|Any CPU.ActiveCfg = Debug|Any CPU
		{860441F0-A3A4-4716-B462-9578084F7DCB}.Debug|Any CPU.Build.0 = Debug|Any CPU
		{860441F0-A3A4-4716-B462-9578084F7DCB}.Release|Any CPU.ActiveCfg = Release|Any CPU
		{860441F0-A3A4-4716-B462-9578084F7DCB}.Release|Any CPU.Build.0 = Release|Any CPU
		{D10F9525-615B-4B33-8710-B5C1DA182051}.Debug|Any CPU.ActiveCfg = Debug|Any CPU
		{D10F9525-615B-4B33-8710-B5C1DA182051}.Debug|Any CPU.Build.0 = Debug|Any CPU
		{D10F9525-615B-4B33-8710-B5C1DA182051}.Release|Any CPU.ActiveCfg = Release|Any CPU
		{D10F9525-615B-4B33-8710-B5C1DA182051}.Release|Any CPU.Build.0 = Release|Any CPU
		{C46C17EB-9813-4CC0-B5D9-6F101B721A9D}.Debug|Any CPU.ActiveCfg = Debug|Any CPU
		{C46C17EB-9813-4CC0-B5D9-6F101B721A9D}.Debug|Any CPU.Build.0 = Debug|Any CPU
		{C46C17EB-9813-4CC0-B5D9-6F101B721A9D}.Release|Any CPU.ActiveCfg = Release|Any CPU
		{C46C17EB-9813-4CC0-B5D9-6F101B721A9D}.Release|Any CPU.Build.0 = Release|Any CPU
	EndGlobalSection
	GlobalSection(SolutionProperties) = preSolution
		HideSolutionNode = FALSE
	EndGlobalSection
	GlobalSection(NestedProjects) = preSolution
		{7D60ABC8-89F9-402A-928C-794A841DCF22} = {5110621B-0A76-439C-855D-4CE0A8D661BB}
		{02940AE1-742E-44E4-8696-01298200A783} = {5110621B-0A76-439C-855D-4CE0A8D661BB}
		{32FC78AD-AA89-4F1E-883D-E4A5BAD42DB6} = {5110621B-0A76-439C-855D-4CE0A8D661BB}
		{928B8BB6-B655-47DC-AFD9-6E544F2C9E9F} = {5110621B-0A76-439C-855D-4CE0A8D661BB}
		{B2C4306A-94A3-4FE2-85D6-FEA2C4E504DF} = {5110621B-0A76-439C-855D-4CE0A8D661BB}
		{5C03ED36-82EF-467C-B78A-CB7C41AF0E54} = {5110621B-0A76-439C-855D-4CE0A8D661BB}
		{CF1CBF44-270E-4AEE-BF3D-7EF7DCDC81EA} = {5110621B-0A76-439C-855D-4CE0A8D661BB}
		{67F7C3F8-480E-422A-A67D-EA98C3602174} = {5110621B-0A76-439C-855D-4CE0A8D661BB}
		{D8A1CE75-0CC1-4FCE-9F0B-40D3D2C804FA} = {5110621B-0A76-439C-855D-4CE0A8D661BB}
		{D3D36FFC-7889-45EC-9ADE-98F5A38C3C5F} = {5110621B-0A76-439C-855D-4CE0A8D661BB}
		{6D37FBE8-458D-4789-9128-077AC43D0183} = {5110621B-0A76-439C-855D-4CE0A8D661BB}
		{7DBDDF34-465B-496C-9C99-6A44D6DDE933} = {EBDE6BC6-1914-4142-86DE-9AA179187E92}
		{860441F0-A3A4-4716-B462-9578084F7DCB} = {EBDE6BC6-1914-4142-86DE-9AA179187E92}
		{D10F9525-615B-4B33-8710-B5C1DA182051} = {5110621B-0A76-439C-855D-4CE0A8D661BB}
		{C46C17EB-9813-4CC0-B5D9-6F101B721A9D} = {EBDE6BC6-1914-4142-86DE-9AA179187E92}
	EndGlobalSection
	GlobalSection(ExtensibilityGlobals) = postSolution
		SolutionGuid = {A8D569A9-FDF9-4F28-9008-A141A7165D97}
	EndGlobalSection
EndGlobal
